<Solution>
  <Folder Name="/Solution Items/">
    <File Path=".editorconfig" />
    <File Path="AGENTS.md" />
    <File Path="CLAUDE.md" />
    <File Path="Directory.Build.props" />
    <File Path="docker-compose.yml" />
    <File Path="tounix.sh" />
  </Folder>
  <Folder Name="/Solution Items/Memory/">
    <File Path=".claude/memory/BatteryDetailsView.Lifecycle.md" />
    <File Path=".claude/memory/DialogSystem.Lifecycle.md" />
    <File Path=".claude/memory/HomeAutomationClient.CodeBehindInjection.md" />
    <File Path=".claude/memory/InverterDetailsView.Lifecycle.md" />
    <File Path=".claude/memory/Navigation.Lifecycle.md" />
    <File Path=".claude/memory/PlatformHeads.Lifecycle.md" />
    <File Path=".claude/memory/SmartMeterDetailsView.Lifecycle.md" />
    <File Path=".claude/memory/ViewModelBase.Features.md" />
    <File Path=".claude/memory/WattPilotDetailsView.Lifecycle.md" />
  </Folder>
  <Folder Name="/Solution Items/Rules/">
    <File Path=".claude/rules/PortingFroniusMonitor.md" />
    <File Path=".claude/rules/ViewModelsForInteractionLogic.md" />
  </Folder>
  <Project Path="Fronius/Fronius.csproj" />
  <Project Path="FroniusMonitor/FroniusMonitor.csproj" />
  <Project Path="FroniusPhone/FroniusPhone.csproj">
    <Deploy />
  </Project>
  <Project Path="FroniusUnitTests/FroniusUnitTests.csproj" />
  <Project Path="HomeAutomationClient/HomeAutomationClient.Android/HomeAutomationClient.Android.csproj">
    <Deploy />
  </Project>
  <Project Path="HomeAutomationClient/HomeAutomationClient.Browser/HomeAutomationClient.Browser.csproj" />
  <Project Path="HomeAutomationClient/HomeAutomationClient.Desktop/HomeAutomationClient.Desktop.csproj" />
  <Project Path="HomeAutomationClient/HomeAutomationClient.iOS/HomeAutomationClient.iOS.csproj">
    <Deploy />
  </Project>
  <Project Path="HomeAutomationClient/HomeAutomationClient/HomeAutomationClient.csproj" />
  <Project Path="HomeAutomationServer/HomeAutomationServer.csproj" />
</Solution>
