<Solution>
  <Folder Name="/Solution Items/">
    <File Path=".editorconfig" />
    <File Path="AGENTS.md" />
    <File Path="CLAUDE.md" />
    <File Path="Directory.Build.props" />
    <File Path=".github/scripts/ghcr_cleanup.py" />
    <File Path=".github/workflows/cleanup-packages.yml" />
    <File Path=".github/workflows/publish-images.yml" />
    <File Path="docker-compose.yml" />
    <File Path="docker-bake.hcl" />
    <File Path="tounix.sh" />
  </Folder>
  <Folder Name="/Solution Items/.gitgub/">
    <File Path=".github/copilot-instructions.md" />
  </Folder>
  <Folder Name="/Solution Items/.gitgub/scripts/">
    <File Path=".github/scripts/ghcr_cleanup.py" />
  </Folder>
  <Folder Name="/Solution Items/.gitgub/workflows/">
    <File Path=".github/workflows/cleanup-packages.yml" />
    <File Path=".github/workflows/publish-images.yml" />
  </Folder>
  <Folder Name="/Solution Items/Memory/">
    <File Path=".claude/memory/Authentication.BearerTokens.md" />
    <File Path=".claude/memory/BatteryDetailsView.Lifecycle.md" />
    <File Path=".claude/memory/DeviceJson.md" />
    <File Path=".claude/memory/DialogSystem.Lifecycle.md" />
    <File Path=".claude/memory/Docker.GhcrCleanup.md" />
    <File Path=".claude/memory/EnergyData.md" />
    <File Path=".claude/memory/Fronius.SharedLibraryBoundary.md" />
    <File Path=".claude/memory/Gauges.md" />
    <File Path=".claude/memory/Gen24Polling.md" />
    <File Path=".claude/memory/House.md" />
    <File Path=".claude/memory/HomeAutomationClient.CodeBehindInjection.md" />
    <File Path=".claude/memory/InverterDetailsView.Lifecycle.md" />
    <File Path=".claude/memory/Navigation.Lifecycle.md" />
    <File Path=".claude/memory/PlatformHeads.Lifecycle.md" />
    <File Path=".claude/memory/PowerFlowPage.Lifecycle.md" />
    <File Path=".claude/memory/ReverseProxy.md" />
    <File Path=".claude/memory/SettingsDialogs.Lifecycle.md" />
    <File Path=".claude/memory/SignalR.MessageDirection.md" />
    <File Path=".claude/memory/SmartMeterDetailsView.Lifecycle.md" />
    <File Path=".claude/memory/SolarWeb.md" />
    <File Path=".claude/memory/Testing.HeadlessAvalonia.md" />
    <File Path=".claude/memory/UpdateVisibility.Lifecycle.md" />
    <File Path=".claude/memory/UserManagement.Lifecycle.md" />
    <File Path=".claude/memory/Validation.Lifecycle.md" />
    <File Path=".claude/memory/ViewModelBase.Features.md" />
    <File Path=".claude/memory/WattPilot.md" />
    <File Path=".claude/memory/WattPilotDetailsView.Lifecycle.md" />
    <File Path=".claude/memory/Zoom.md" />
    <File Path=".claude/memory/ServerExitCodes.LifeCycle.md" />
  </Folder>
  <Folder Name="/Solution Items/Plans/" />
  <Folder Name="/Solution Items/Rules/">
    <File Path=".claude/rules/PortingFroniusMonitor.md" />
    <File Path=".claude/rules/ViewModelsForInteractionLogic.md" />
    <File Path=".claude/rules/Localization.md" />
  </Folder>
  <Folder Name="/Solution Items/Skills/" />
  <Folder Name="/Solution Items/Skills/create-plan/">
    <File Path=".claude/skills/create-plan/SKILL.md" />
  </Folder>
  <Project Path="Fronius/Fronius.csproj" />
  <Project Path="FroniusMonitor/FroniusMonitor.csproj" />
  <Project Path="HomeAutomationClient/HomeAutomationClient.Android/HomeAutomationClient.Android.csproj">
    <Deploy />
  </Project>
  <Project Path="HomeAutomationClient/HomeAutomationClient.Browser/HomeAutomationClient.Browser.csproj" />
  <Project Path="HomeAutomationClient/HomeAutomationClient.Desktop/HomeAutomationClient.Desktop.csproj" />
  <Project Path="HomeAutomationClient/HomeAutomationClient.iOS/HomeAutomationClient.iOS.csproj">
    <Deploy />
  </Project>
  <Project Path="HomeAutomationClient/HomeAutomationClient/HomeAutomationClient.csproj" />
  <Project Path="HomeAutomationServer/HomeAutomationServer.csproj" />
  <Project Path="FroniusMonitorTests/FroniusMonitorTests.csproj" />
  <Project Path="HomeAutomationServerTests/HomeAutomationServerTests.csproj" />
</Solution>